PODS:
  - AFNetworking (4.0.1):
    - AFNetworking/NSURLSession (= 4.0.1)
    - AFNetworking/Reachability (= 4.0.1)
    - AFNetworking/Security (= 4.0.1)
    - AFNetworking/Serialization (= 4.0.1)
    - AFNetworking/UIKit (= 4.0.1)
  - AFNetworking/NSURLSession (4.0.1):
    - AFNetworking/Reachability
    - AFNetworking/Security
    - AFNetworking/Serialization
  - AFNetworking/Reachability (4.0.1)
  - AFNetworking/Security (4.0.1)
  - AFNetworking/Serialization (4.0.1)
  - AFNetworking/UIKit (4.0.1):
    - AFNetworking/NSURLSession
  - TRUNetworking (0.1.0)

DEPENDENCIES:
  - AFNetworking
  - TRUNetworking (from `Lib/TRUNetworking`)

SPEC REPOS:
  trunk:
    - AFNetworking

EXTERNAL SOURCES:
  TRUNetworking:
    :path: Lib/TRUNetworking

SPEC CHECKSUMS:
  AFNetworking: 7864c38297c79aaca1500c33288e429c3451fdce
  TRUNetworking: 0749f60c816cc8e4b1c0e54d81478727d4c0b6ab

PODFILE CHECKSUM: c4f598979974e528f474fa18de48eb816604c325

COCOAPODS: 1.9.3
